
Microsoft Visual Studio Solution File, Format Version 12.00
# Visual Studio 15
VisualStudioVersion = 15.0.26430.6
MinimumVisualStudioVersion = 10.0.40219.1
Project("{FAE04EC0-301F-11D3-BF4B-00C04F79EFBC}") = "PCLProject", "PCLProject\PCLProject.csproj", "{E85929AA-8720-45D5-90C1-41FFAD1CCFDF}"
EndProject
Project("{FAE04EC0-301F-11D3-BF4B-00C04F79EFBC}") = "AndroidApp", "AndroidDialog\AndroidApp.csproj", "{CCB30829-BDFA-4A90-844F-3FF7689F3360}"
EndProject
Project("{FAE04EC0-301F-11D3-BF4B-00C04F79EFBC}") = "UWPApp", "UWPApp\UWPApp.csproj", "{D54FF8BE-AD9B-48EF-9F94-4E08268C5669}"
EndProject
Global
	GlobalSection(SolutionConfigurationPlatforms) = preSolution
		Debug|Any CPU = Debug|Any CPU
		Debug|ARM = Debug|ARM
		Debug|x64 = Debug|x64
		Debug|x86 = Debug|x86
		Release|Any CPU = Release|Any CPU
		Release|ARM = Release|ARM
		Release|x64 = Release|x64
		Release|x86 = Release|x86
	EndGlobalSection
	GlobalSection(ProjectConfigurationPlatforms) = postSolution
		{E85929AA-8720-45D5-90C1-41FFAD1CCFDF}.Debug|Any CPU.ActiveCfg = Debug|Any CPU
		{E85929AA-8720-45D5-90C1-41FFAD1CCFDF}.Debug|Any CPU.Build.0 = Debug|Any CPU
		{E85929AA-8720-45D5-90C1-41FFAD1CCFDF}.Debug|ARM.ActiveCfg = Debug|Any CPU
		{E85929AA-8720-45D5-90C1-41FFAD1CCFDF}.Debug|ARM.Build.0 = Debug|Any CPU
		{E85929AA-8720-45D5-90C1-41FFAD1CCFDF}.Debug|x64.ActiveCfg = Debug|Any CPU
		{E85929AA-8720-45D5-90C1-41FFAD1CCFDF}.Debug|x64.Build.0 = Debug|Any CPU
		{E85929AA-8720-45D5-90C1-41FFAD1CCFDF}.Debug|x86.ActiveCfg = Debug|Any CPU
		{E85929AA-8720-45D5-90C1-41FFAD1CCFDF}.Debug|x86.Build.0 = Debug|Any CPU
		{E85929AA-8720-45D5-90C1-41FFAD1CCFDF}.Release|Any CPU.ActiveCfg = Release|Any CPU
		{E85929AA-8720-45D5-90C1-41FFAD1CCFDF}.Release|Any CPU.Build.0 = Release|Any CPU
		{E85929AA-8720-45D5-90C1-41FFAD1CCFDF}.Release|ARM.ActiveCfg = Release|Any CPU
		{E85929AA-8720-45D5-90C1-41FFAD1CCFDF}.Release|ARM.Build.0 = Release|Any CPU
		{E85929AA-8720-45D5-90C1-41FFAD1CCFDF}.Release|x64.ActiveCfg = Release|Any CPU
		{E85929AA-8720-45D5-90C1-41FFAD1CCFDF}.Release|x64.Build.0 = Release|Any CPU
		{E85929AA-8720-45D5-90C1-41FFAD1CCFDF}.Release|x86.ActiveCfg = Release|Any CPU
		{E85929AA-8720-45D5-90C1-41FFAD1CCFDF}.Release|x86.Build.0 = Release|Any CPU
		{CCB30829-BDFA-4A90-844F-3FF7689F3360}.Debug|Any CPU.ActiveCfg = Debug|Any CPU
		{CCB30829-BDFA-4A90-844F-3FF7689F3360}.Debug|Any CPU.Build.0 = Debug|Any CPU
		{CCB30829-BDFA-4A90-844F-3FF7689F3360}.Debug|Any CPU.Deploy.0 = Debug|Any CPU
		{CCB30829-BDFA-4A90-844F-3FF7689F3360}.Debug|ARM.ActiveCfg = Debug|Any CPU
		{CCB30829-BDFA-4A90-844F-3FF7689F3360}.Debug|ARM.Build.0 = Debug|Any CPU
		{CCB30829-BDFA-4A90-844F-3FF7689F3360}.Debug|ARM.Deploy.0 = Debug|Any CPU
		{CCB30829-BDFA-4A90-844F-3FF7689F3360}.Debug|x64.ActiveCfg = Debug|Any CPU
		{CCB30829-BDFA-4A90-844F-3FF7689F3360}.Debug|x64.Build.0 = Debug|Any CPU
		{CCB30829-BDFA-4A90-844F-3FF7689F3360}.Debug|x64.Deploy.0 = Debug|Any CPU
		{CCB30829-BDFA-4A90-844F-3FF7689F3360}.Debug|x86.ActiveCfg = Debug|Any CPU
		{CCB30829-BDFA-4A90-844F-3FF7689F3360}.Debug|x86.Build.0 = Debug|Any CPU
		{CCB30829-BDFA-4A90-844F-3FF7689F3360}.Debug|x86.Deploy.0 = Debug|Any CPU
		{CCB30829-BDFA-4A90-844F-3FF7689F3360}.Release|Any CPU.ActiveCfg = Release|Any CPU
		{CCB30829-BDFA-4A90-844F-3FF7689F3360}.Release|Any CPU.Build.0 = Release|Any CPU
		{CCB30829-BDFA-4A90-844F-3FF7689F3360}.Release|Any CPU.Deploy.0 = Release|Any CPU
		{CCB30829-BDFA-4A90-844F-3FF7689F3360}.Release|ARM.ActiveCfg = Release|Any CPU
		{CCB30829-BDFA-4A90-844F-3FF7689F3360}.Release|ARM.Build.0 = Release|Any CPU
		{CCB30829-BDFA-4A90-844F-3FF7689F3360}.Release|ARM.Deploy.0 = Release|Any CPU
		{CCB30829-BDFA-4A90-844F-3FF7689F3360}.Release|x64.ActiveCfg = Release|Any CPU
		{CCB30829-BDFA-4A90-844F-3FF7689F3360}.Release|x64.Build.0 = Release|Any CPU
		{CCB30829-BDFA-4A90-844F-3FF7689F3360}.Release|x64.Deploy.0 = Release|Any CPU
		{CCB30829-BDFA-4A90-844F-3FF7689F3360}.Release|x86.ActiveCfg = Release|Any CPU
		{CCB30829-BDFA-4A90-844F-3FF7689F3360}.Release|x86.Build.0 = Release|Any CPU
		{CCB30829-BDFA-4A90-844F-3FF7689F3360}.Release|x86.Deploy.0 = Release|Any CPU
		{D54FF8BE-AD9B-48EF-9F94-4E08268C5669}.Debug|Any CPU.ActiveCfg = Debug|x86
		{D54FF8BE-AD9B-48EF-9F94-4E08268C5669}.Debug|Any CPU.Build.0 = Debug|x86
		{D54FF8BE-AD9B-48EF-9F94-4E08268C5669}.Debug|Any CPU.Deploy.0 = Debug|x86
		{D54FF8BE-AD9B-48EF-9F94-4E08268C5669}.Debug|ARM.ActiveCfg = Debug|ARM
		{D54FF8BE-AD9B-48EF-9F94-4E08268C5669}.Debug|ARM.Build.0 = Debug|ARM
		{D54FF8BE-AD9B-48EF-9F94-4E08268C5669}.Debug|ARM.Deploy.0 = Debug|ARM
		{D54FF8BE-AD9B-48EF-9F94-4E08268C5669}.Debug|x64.ActiveCfg = Debug|x64
		{D54FF8BE-AD9B-48EF-9F94-4E08268C5669}.Debug|x64.Build.0 = Debug|x64
		{D54FF8BE-AD9B-48EF-9F94-4E08268C5669}.Debug|x64.Deploy.0 = Debug|x64
		{D54FF8BE-AD9B-48EF-9F94-4E08268C5669}.Debug|x86.ActiveCfg = Debug|x86
		{D54FF8BE-AD9B-48EF-9F94-4E08268C5669}.Debug|x86.Build.0 = Debug|x86
		{D54FF8BE-AD9B-48EF-9F94-4E08268C5669}.Debug|x86.Deploy.0 = Debug|x86
		{D54FF8BE-AD9B-48EF-9F94-4E08268C5669}.Release|Any CPU.ActiveCfg = Release|x86
		{D54FF8BE-AD9B-48EF-9F94-4E08268C5669}.Release|ARM.ActiveCfg = Release|ARM
		{D54FF8BE-AD9B-48EF-9F94-4E08268C5669}.Release|ARM.Build.0 = Release|ARM
		{D54FF8BE-AD9B-48EF-9F94-4E08268C5669}.Release|ARM.Deploy.0 = Release|ARM
		{D54FF8BE-AD9B-48EF-9F94-4E08268C5669}.Release|x64.ActiveCfg = Release|x64
		{D54FF8BE-AD9B-48EF-9F94-4E08268C5669}.Release|x64.Build.0 = Release|x64
		{D54FF8BE-AD9B-48EF-9F94-4E08268C5669}.Release|x64.Deploy.0 = Release|x64
		{D54FF8BE-AD9B-48EF-9F94-4E08268C5669}.Release|x86.ActiveCfg = Release|x86
		{D54FF8BE-AD9B-48EF-9F94-4E08268C5669}.Release|x86.Build.0 = Release|x86
		{D54FF8BE-AD9B-48EF-9F94-4E08268C5669}.Release|x86.Deploy.0 = Release|x86
	EndGlobalSection
	GlobalSection(SolutionProperties) = preSolution
		HideSolutionNode = FALSE
	EndGlobalSection
EndGlobal
